
Microsoft Visual Studio Solution File, Format Version 12.00
# Visual Studio Version 16
VisualStudioVersion = 16.0.31911.196
MinimumVisualStudioVersion = 10.0.40219.1
Project("{FAE04EC0-301F-11D3-BF4B-00C04F79EFBC}") = "WebMovie", "WebMovie\WebMovie.csproj", "{F48BEF20-83B4-448D-A6A5-54041555AE88}"
EndProject
Global
	GlobalSection(SolutionConfigurationPlatforms) = preSolution
		Debug|Any CPU = Debug|Any CPU
		Release|Any CPU = Release|Any CPU
	EndGlobalSection
	GlobalSection(ProjectConfigurationPlatforms) = postSolution
		{F48BEF20-83B4-448D-A6A5-54041555AE88}.Debug|Any CPU.ActiveCfg = Debug|Any CPU
		{F48BEF20-83B4-448D-A6A5-54041555AE88}.Debug|Any CPU.Build.0 = Debug|Any CPU
		{F48BEF20-83B4-448D-A6A5-54041555AE88}.Release|Any CPU.ActiveCfg = Release|Any CPU
		{F48BEF20-83B4-448D-A6A5-54041555AE88}.Release|Any CPU.Build.0 = Release|Any CPU
	EndGlobalSection
	GlobalSection(SolutionProperties) = preSolution
		HideSolutionNode = FALSE
	EndGlobalSection
	GlobalSection(ExtensibilityGlobals) = postSolution
		SolutionGuid = {91C70510-09EB-434A-AA65-B09651B0A872}
	EndGlobalSection
EndGlobal
